# THIS IS AN AUTOGENERATED FILE. DO NOT EDIT THIS FILE DIRECTLY.
# yarn lockfile v1


nodemailer@^6.6.2:
  version "6.6.2"
  resolved "https://registry.yarnpkg.com/nodemailer/-/nodemailer-6.6.2.tgz#e184c9ed5bee245a3e0bcabc7255866385757114"
  integrity sha512-YSzu7TLbI+bsjCis/TZlAXBoM4y93HhlIgo0P5oiA2ua9Z4k+E2Fod//ybIzdJxOlXGRcHIh/WaeCBehvxZb/Q==
